{
  "originHash" : "74a31518dcd8bbd25492a634a4e48dc84c782adcb9b8ded96c34c1a41d829c31",
  "pins" : [
    {
      "identity" : "ios-sdk",
      "kind" : "remoteSourceControl",
      "location" : "https://github.com/feedfm/iOS-SDK",
      "state" : {
        "revision" : "24a8d553138286e43eaf2c9ef85bec28ff6cf1e8",
        "version" : "5.8.0"
      }
    }
  ],
  "version" : 3
}
